// !$*UTF8*$!
{
	archiveVersion = 1;
	classes = {
	};
	objectVersion = 56;
	objects = {

/* Begin PBXBuildFile section */
		E309C8FE28F10B6B007B3B39 /* AppDelegate.swift in Sources */ = {isa = PBXBuildFile; fileRef = E309C8FD28F10B6B007B3B39 /* AppDelegate.swift */; };
		E309C90028F10B6B007B3B39 /* SceneDelegate.swift in Sources */ = {isa = PBXBuildFile; fileRef = E309C8FF28F10B6B007B3B39 /* SceneDelegate.swift */; };
		E309C90728F10B6D007B3B39 /* Assets.xcassets in Resources */ = {isa = PBXBuildFile; fileRef = E309C90628F10B6D007B3B39 /* Assets.xcassets */; };
		E309C90A28F10B6D007B3B39 /* LaunchScreen.storyboard in Resources */ = {isa = PBXBuildFile; fileRef = E309C90828F10B6D007B3B39 /* LaunchScreen.storyboard */; };
		E309C91228F10C4A007B3B39 /* LoginViewController.swift in Sources */ = {isa = PBXBuildFile; fileRef = E309C91128F10C4A007B3B39 /* LoginViewController.swift */; };
		E309C91528F10CF0007B3B39 /* RxCocoa in Frameworks */ = {isa = PBXBuildFile; productRef = E309C91428F10CF0007B3B39 /* RxCocoa */; };
		E309C91728F10CF0007B3B39 /* RxRelay in Frameworks */ = {isa = PBXBuildFile; productRef = E309C91628F10CF0007B3B39 /* RxRelay */; };
		E309C91928F10CF0007B3B39 /* RxSwift in Frameworks */ = {isa = PBXBuildFile; productRef = E309C91828F10CF0007B3B39 /* RxSwift */; };
		E309C91C28F10E86007B3B39 /* FirebaseAnalyticsSwift in Frameworks */ = {isa = PBXBuildFile; productRef = E309C91B28F10E86007B3B39 /* FirebaseAnalyticsSwift */; };
		E309C91E28F10E86007B3B39 /* FirebaseAuth in Frameworks */ = {isa = PBXBuildFile; productRef = E309C91D28F10E86007B3B39 /* FirebaseAuth */; };
		E309C92028F10E86007B3B39 /* FirebaseFirestoreSwift in Frameworks */ = {isa = PBXBuildFile; productRef = E309C91F28F10E86007B3B39 /* FirebaseFirestoreSwift */; };
		E309C92228F10E86007B3B39 /* FirebaseRemoteConfigSwift in Frameworks */ = {isa = PBXBuildFile; productRef = E309C92128F10E86007B3B39 /* FirebaseRemoteConfigSwift */; };
		E309C92428F10EF9007B3B39 /* GoogleService-Info.plist in Resources */ = {isa = PBXBuildFile; fileRef = E309C92328F10EF8007B3B39 /* GoogleService-Info.plist */; };
		E309C92728F10F62007B3B39 /* SnapKit in Frameworks */ = {isa = PBXBuildFile; productRef = E309C92628F10F62007B3B39 /* SnapKit */; };
		E309C92B28F116D3007B3B39 /* LogManager.swift in Sources */ = {isa = PBXBuildFile; fileRef = E309C92A28F116D3007B3B39 /* LogManager.swift */; };
		E309C92E28F12271007B3B39 /* LoginManager.swift in Sources */ = {isa = PBXBuildFile; fileRef = E309C92D28F12271007B3B39 /* LoginManager.swift */; };
		E309C93028F13CB0007B3B39 /* NewMemoViewController.swift in Sources */ = {isa = PBXBuildFile; fileRef = E309C92F28F13CB0007B3B39 /* NewMemoViewController.swift */; };
		E309C93228F500E1007B3B39 /* AlertExtension.swift in Sources */ = {isa = PBXBuildFile; fileRef = E309C93128F500E1007B3B39 /* AlertExtension.swift */; };
/* End PBXBuildFile section */

/* Begin PBXFileReference section */
		E309C8FA28F10B6B007B3B39 /* Famo.app */ = {isa = PBXFileReference; explicitFileType = wrapper.application; includeInIndex = 0; path = Famo.app; sourceTree = BUILT_PRODUCTS_DIR; };
		E309C8FD28F10B6B007B3B39 /* AppDelegate.swift */ = {isa = PBXFileReference; lastKnownFileType = sourcecode.swift; path = AppDelegate.swift; sourceTree = "<group>"; };
		E309C8FF28F10B6B007B3B39 /* SceneDelegate.swift */ = {isa = PBXFileReference; lastKnownFileType = sourcecode.swift; path = SceneDelegate.swift; sourceTree = "<group>"; };
		E309C90628F10B6D007B3B39 /* Assets.xcassets */ = {isa = PBXFileReference; lastKnownFileType = folder.assetcatalog; path = Assets.xcassets; sourceTree = "<group>"; };
		E309C90928F10B6D007B3B39 /* Base */ = {isa = PBXFileReference; lastKnownFileType = file.storyboard; name = Base; path = Base.lproj/LaunchScreen.storyboard; sourceTree = "<group>"; };
		E309C90B28F10B6D007B3B39 /* Info.plist */ = {isa = PBXFileReference; lastKnownFileType = text.plist.xml; path = Info.plist; sourceTree = "<group>"; };
		E309C91128F10C4A007B3B39 /* LoginViewController.swift */ = {isa = PBXFileReference; lastKnownFileType = sourcecode.swift; path = LoginViewController.swift; sourceTree = "<group>"; };
		E309C92328F10EF8007B3B39 /* GoogleService-Info.plist */ = {isa = PBXFileReference; fileEncoding = 4; lastKnownFileType = text.plist.xml; path = "GoogleService-Info.plist"; sourceTree = "<group>"; };
		E309C92A28F116D3007B3B39 /* LogManager.swift */ = {isa = PBXFileReference; lastKnownFileType = sourcecode.swift; path = LogManager.swift; sourceTree = "<group>"; };
		E309C92D28F12271007B3B39 /* LoginManager.swift */ = {isa = PBXFileReference; lastKnownFileType = sourcecode.swift; path = LoginManager.swift; sourceTree = "<group>"; };
		E309C92F28F13CB0007B3B39 /* NewMemoViewController.swift */ = {isa = PBXFileReference; lastKnownFileType = sourcecode.swift; path = NewMemoViewController.swift; sourceTree = "<group>"; };
		E309C93128F500E1007B3B39 /* AlertExtension.swift */ = {isa = PBXFileReference; lastKnownFileType = sourcecode.swift; path = AlertExtension.swift; sourceTree = "<group>"; };
/* End PBXFileReference section */

/* Begin PBXFrameworksBuildPhase section */
		E309C8F728F10B6B007B3B39 /* Frameworks */ = {
			isa = PBXFrameworksBuildPhase;
			buildActionMask = 2147483647;
			files = (
				E309C91C28F10E86007B3B39 /* FirebaseAnalyticsSwift in Frameworks */,
				E309C92728F10F62007B3B39 /* SnapKit in Frameworks */,
				E309C91E28F10E86007B3B39 /* FirebaseAuth in Frameworks */,
				E309C91928F10CF0007B3B39 /* RxSwift in Frameworks */,
				E309C92228F10E86007B3B39 /* FirebaseRemoteConfigSwift in Frameworks */,
				E309C91728F10CF0007B3B39 /* RxRelay in Frameworks */,
				E309C91528F10CF0007B3B39 /* RxCocoa in Frameworks */,
				E309C92028F10E86007B3B39 /* FirebaseFirestoreSwift in Frameworks */,
			);
			runOnlyForDeploymentPostprocessing = 0;
		};
/* End PBXFrameworksBuildPhase section */

/* Begin PBXGroup section */
		E309C8F128F10B6B007B3B39 = {
			isa = PBXGroup;
			children = (
				E309C8FC28F10B6B007B3B39 /* Famo */,
				E309C8FB28F10B6B007B3B39 /* Products */,
			);
			sourceTree = "<group>";
		};
		E309C8FB28F10B6B007B3B39 /* Products */ = {
			isa = PBXGroup;
			children = (
				E309C8FA28F10B6B007B3B39 /* Famo.app */,
			);
			name = Products;
			sourceTree = "<group>";
		};
		E309C8FC28F10B6B007B3B39 /* Famo */ = {
			isa = PBXGroup;
			children = (
				E309C8FD28F10B6B007B3B39 /* AppDelegate.swift */,
				E309C8FF28F10B6B007B3B39 /* SceneDelegate.swift */,
				E309C92C28F11F6F007B3B39 /* ViewControllers */,
				E309C92928F116BF007B3B39 /* Utils */,
				E309C90628F10B6D007B3B39 /* Assets.xcassets */,
				E309C90828F10B6D007B3B39 /* LaunchScreen.storyboard */,
				E309C90B28F10B6D007B3B39 /* Info.plist */,
				E309C92328F10EF8007B3B39 /* GoogleService-Info.plist */,
			);
			path = Famo;
			sourceTree = "<group>";
		};
		E309C92928F116BF007B3B39 /* Utils */ = {
			isa = PBXGroup;
			children = (
				E309C92A28F116D3007B3B39 /* LogManager.swift */,
				E309C92D28F12271007B3B39 /* LoginManager.swift */,
				E309C93128F500E1007B3B39 /* AlertExtension.swift */,
			);
			path = Utils;
			sourceTree = "<group>";
		};
		E309C92C28F11F6F007B3B39 /* ViewControllers */ = {
			isa = PBXGroup;
			children = (
				E309C91128F10C4A007B3B39 /* LoginViewController.swift */,
				E309C92F28F13CB0007B3B39 /* NewMemoViewController.swift */,
			);
			path = ViewControllers;
			sourceTree = "<group>";
		};
/* End PBXGroup section */

/* Begin PBXNativeTarget section */
		E309C8F928F10B6B007B3B39 /* Famo */ = {
			isa = PBXNativeTarget;
			buildConfigurationList = E309C90E28F10B6D007B3B39 /* Build configuration list for PBXNativeTarget "Famo" */;
			buildPhases = (
				E309C8F628F10B6B007B3B39 /* Sources */,
				E309C8F728F10B6B007B3B39 /* Frameworks */,
				E309C8F828F10B6B007B3B39 /* Resources */,
				E309C92828F111D0007B3B39 /* ShellScript */,
			);
			buildRules = (
			);
			dependencies = (
			);
			name = Famo;
			packageProductDependencies = (
				E309C91428F10CF0007B3B39 /* RxCocoa */,
				E309C91628F10CF0007B3B39 /* RxRelay */,
				E309C91828F10CF0007B3B39 /* RxSwift */,
				E309C91B28F10E86007B3B39 /* FirebaseAnalyticsSwift */,
				E309C91D28F10E86007B3B39 /* FirebaseAuth */,
				E309C91F28F10E86007B3B39 /* FirebaseFirestoreSwift */,
				E309C92128F10E86007B3B39 /* FirebaseRemoteConfigSwift */,
				E309C92628F10F62007B3B39 /* SnapKit */,
			);
			productName = Famo;
			productReference = E309C8FA28F10B6B007B3B39 /* Famo.app */;
			productType = "com.apple.product-type.application";
		};
/* End PBXNativeTarget section */

/* Begin PBXProject section */
		E309C8F228F10B6B007B3B39 /* Project object */ = {
			isa = PBXProject;
			attributes = {
				BuildIndependentTargetsInParallel = 1;
				LastSwiftUpdateCheck = 1400;
				LastUpgradeCheck = 1400;
				TargetAttributes = {
					E309C8F928F10B6B007B3B39 = {
						CreatedOnToolsVersion = 14.0.1;
					};
				};
			};
			buildConfigurationList = E309C8F528F10B6B007B3B39 /* Build configuration list for PBXProject "Famo" */;
			compatibilityVersion = "Xcode 14.0";
			developmentRegion = en;
			hasScannedForEncodings = 0;
			knownRegions = (
				en,
				Base,
			);
			mainGroup = E309C8F128F10B6B007B3B39;
			packageReferences = (
				E309C91328F10CF0007B3B39 /* XCRemoteSwiftPackageReference "RxSwift" */,
				E309C91A28F10E85007B3B39 /* XCRemoteSwiftPackageReference "firebase-ios-sdk" */,
				E309C92528F10F62007B3B39 /* XCRemoteSwiftPackageReference "SnapKit" */,
			);
			productRefGroup = E309C8FB28F10B6B007B3B39 /* Products */;
			projectDirPath = "";
			projectRoot = "";
			targets = (
				E309C8F928F10B6B007B3B39 /* Famo */,
			);
		};
/* End PBXProject section */

/* Begin PBXResourcesBuildPhase section */
		E309C8F828F10B6B007B3B39 /* Resources */ = {
			isa = PBXResourcesBuildPhase;
			buildActionMask = 2147483647;
			files = (
				E309C90A28F10B6D007B3B39 /* LaunchScreen.storyboard in Resources */,
				E309C90728F10B6D007B3B39 /* Assets.xcassets in Resources */,
				E309C92428F10EF9007B3B39 /* GoogleService-Info.plist in Resources */,
			);
			runOnlyForDeploymentPostprocessing = 0;
		};
/* End PBXResourcesBuildPhase section */

/* Begin PBXShellScriptBuildPhase section */
		E309C92828F111D0007B3B39 /* ShellScript */ = {
			isa = PBXShellScriptBuildPhase;
			alwaysOutOfDate = 1;
			buildActionMask = 2147483647;
			files = (
			);
			inputFileListPaths = (
			);
			inputPaths = (
				"${DWARF_DSYM_FOLDER_PATH}/${DWARF_DSYM_FILE_NAME}/Contents/Resources/DWARF/${TARGET_NAME}",
				"$(SRCROOT)/$(BUILT_PRODUCTS_DIR)/$(INFOPLIST_PATH)",
			);
			outputFileListPaths = (
			);
			outputPaths = (
			);
			runOnlyForDeploymentPostprocessing = 0;
			shellPath = /bin/sh;
			shellScript = "# Type a script or drag a script file from your workspace to insert its path.\n\"${BUILD_DIR%/Build/*}/SourcePackages/checkouts/firebase-ios-sdk/Crashlytics/run\"\n";
		};
/* End PBXShellScriptBuildPhase section */

/* Begin PBXSourcesBuildPhase section */
		E309C8F628F10B6B007B3B39 /* Sources */ = {
			isa = PBXSourcesBuildPhase;
			buildActionMask = 2147483647;
			files = (
				E309C92E28F12271007B3B39 /* LoginManager.swift in Sources */,
				E309C92B28F116D3007B3B39 /* LogManager.swift in Sources */,
				E309C91228F10C4A007B3B39 /* LoginViewController.swift in Sources */,
				E309C93028F13CB0007B3B39 /* NewMemoViewController.swift in Sources */,
				E309C8FE28F10B6B007B3B39 /* AppDelegate.swift in Sources */,
				E309C90028F10B6B007B3B39 /* SceneDelegate.swift in Sources */,
				E309C93228F500E1007B3B39 /* AlertExtension.swift in Sources */,
			);
			runOnlyForDeploymentPostprocessing = 0;
		};
/* End PBXSourcesBuildPhase section */

/* Begin PBXVariantGroup section */
		E309C90828F10B6D007B3B39 /* LaunchScreen.storyboard */ = {
			isa = PBXVariantGroup;
			children = (
				E309C90928F10B6D007B3B39 /* Base */,
			);
			name = LaunchScreen.storyboard;
			sourceTree = "<group>";
		};
/* End PBXVariantGroup section */

/* Begin XCBuildConfiguration section */
		E309C90C28F10B6D007B3B39 /* Debug */ = {
			isa = XCBuildConfiguration;
			buildSettings = {
				ALWAYS_SEARCH_USER_PATHS = NO;
				CLANG_ANALYZER_NONNULL = YES;
				CLANG_ANALYZER_NUMBER_OBJECT_CONVERSION = YES_AGGRESSIVE;
				CLANG_CXX_LANGUAGE_STANDARD = "gnu++20";
				CLANG_ENABLE_MODULES = YES;
				CLANG_ENABLE_OBJC_ARC = YES;
				CLANG_ENABLE_OBJC_WEAK = YES;
				CLANG_WARN_BLOCK_CAPTURE_AUTORELEASING = YES;
				CLANG_WARN_BOOL_CONVERSION = YES;
				CLANG_WARN_COMMA = YES;
				CLANG_WARN_CONSTANT_CONVERSION = YES;
				CLANG_WARN_DEPRECATED_OBJC_IMPLEMENTATIONS = YES;
				CLANG_WARN_DIRECT_OBJC_ISA_USAGE = YES_ERROR;
				CLANG_WARN_DOCUMENTATION_COMMENTS = YES;
				CLANG_WARN_EMPTY_BODY = YES;
				CLANG_WARN_ENUM_CONVERSION = YES;
				CLANG_WARN_INFINITE_RECURSION = YES;
				CLANG_WARN_INT_CONVERSION = YES;
				CLANG_WARN_NON_LITERAL_NULL_CONVERSION = YES;
				CLANG_WARN_OBJC_IMPLICIT_RETAIN_SELF = YES;
				CLANG_WARN_OBJC_LITERAL_CONVERSION = YES;
				CLANG_WARN_OBJC_ROOT_CLASS = YES_ERROR;
				CLANG_WARN_QUOTED_INCLUDE_IN_FRAMEWORK_HEADER = YES;
				CLANG_WARN_RANGE_LOOP_ANALYSIS = YES;
				CLANG_WARN_STRICT_PROTOTYPES = YES;
				CLANG_WARN_SUSPICIOUS_MOVE = YES;
				CLANG_WARN_UNGUARDED_AVAILABILITY = YES_AGGRESSIVE;
				CLANG_WARN_UNREACHABLE_CODE = YES;
				CLANG_WARN__DUPLICATE_METHOD_MATCH = YES;
				COPY_PHASE_STRIP = NO;
				DEBUG_INFORMATION_FORMAT = dwarf;
				ENABLE_STRICT_OBJC_MSGSEND = YES;
				ENABLE_TESTABILITY = YES;
				GCC_C_LANGUAGE_STANDARD = gnu11;
				GCC_DYNAMIC_NO_PIC = NO;
				GCC_NO_COMMON_BLOCKS = YES;
				GCC_OPTIMIZATION_LEVEL = 0;
				GCC_PREPROCESSOR_DEFINITIONS = (
					"DEBUG=1",
					"$(inherited)",
				);
				GCC_WARN_64_TO_32_BIT_CONVERSION = YES;
				GCC_WARN_ABOUT_RETURN_TYPE = YES_ERROR;
				GCC_WARN_UNDECLARED_SELECTOR = YES;
				GCC_WARN_UNINITIALIZED_AUTOS = YES_AGGRESSIVE;
				GCC_WARN_UNUSED_FUNCTION = YES;
				GCC_WARN_UNUSED_VARIABLE = YES;
				IPHONEOS_DEPLOYMENT_TARGET = 14.0;
				MTL_ENABLE_DEBUG_INFO = INCLUDE_SOURCE;
				MTL_FAST_MATH = YES;
				ONLY_ACTIVE_ARCH = YES;
				SDKROOT = iphoneos;
				SWIFT_ACTIVE_COMPILATION_CONDITIONS = DEBUG;
				SWIFT_OPTIMIZATION_LEVEL = "-Onone";
			};
			name = Debug;
		};
		E309C90D28F10B6D007B3B39 /* Release */ = {
			isa = XCBuildConfiguration;
			buildSettings = {
				ALWAYS_SEARCH_USER_PATHS = NO;
				CLANG_ANALYZER_NONNULL = YES;
				CLANG_ANALYZER_NUMBER_OBJECT_CONVERSION = YES_AGGRESSIVE;
				CLANG_CXX_LANGUAGE_STANDARD = "gnu++20";
				CLANG_ENABLE_MODULES = YES;
				CLANG_ENABLE_OBJC_ARC = YES;
				CLANG_ENABLE_OBJC_WEAK = YES;
				CLANG_WARN_BLOCK_CAPTURE_AUTORELEASING = YES;
				CLANG_WARN_BOOL_CONVERSION = YES;
				CLANG_WARN_COMMA = YES;
				CLANG_WARN_CONSTANT_CONVERSION = YES;
				CLANG_WARN_DEPRECATED_OBJC_IMPLEMENTATIONS = YES;
				CLANG_WARN_DIRECT_OBJC_ISA_USAGE = YES_ERROR;
				CLANG_WARN_DOCUMENTATION_COMMENTS = YES;
				CLANG_WARN_EMPTY_BODY = YES;
				CLANG_WARN_ENUM_CONVERSION = YES;
				CLANG_WARN_INFINITE_RECURSION = YES;
				CLANG_WARN_INT_CONVERSION = YES;
				CLANG_WARN_NON_LITERAL_NULL_CONVERSION = YES;
				CLANG_WARN_OBJC_IMPLICIT_RETAIN_SELF = YES;
				CLANG_WARN_OBJC_LITERAL_CONVERSION = YES;
				CLANG_WARN_OBJC_ROOT_CLASS = YES_ERROR;
				CLANG_WARN_QUOTED_INCLUDE_IN_FRAMEWORK_HEADER = YES;
				CLANG_WARN_RANGE_LOOP_ANALYSIS = YES;
				CLANG_WARN_STRICT_PROTOTYPES = YES;
				CLANG_WARN_SUSPICIOUS_MOVE = YES;
				CLANG_WARN_UNGUARDED_AVAILABILITY = YES_AGGRESSIVE;
				CLANG_WARN_UNREACHABLE_CODE = YES;
				CLANG_WARN__DUPLICATE_METHOD_MATCH = YES;
				COPY_PHASE_STRIP = NO;
				DEBUG_INFORMATION_FORMAT = "dwarf-with-dsym";
				ENABLE_NS_ASSERTIONS = NO;
				ENABLE_STRICT_OBJC_MSGSEND = YES;
				GCC_C_LANGUAGE_STANDARD = gnu11;
				GCC_NO_COMMON_BLOCKS = YES;
				GCC_WARN_64_TO_32_BIT_CONVERSION = YES;
				GCC_WARN_ABOUT_RETURN_TYPE = YES_ERROR;
				GCC_WARN_UNDECLARED_SELECTOR = YES;
				GCC_WARN_UNINITIALIZED_AUTOS = YES_AGGRESSIVE;
				GCC_WARN_UNUSED_FUNCTION = YES;
				GCC_WARN_UNUSED_VARIABLE = YES;
				IPHONEOS_DEPLOYMENT_TARGET = 14.0;
				MTL_ENABLE_DEBUG_INFO = NO;
				MTL_FAST_MATH = YES;
				SDKROOT = iphoneos;
				SWIFT_COMPILATION_MODE = wholemodule;
				SWIFT_OPTIMIZATION_LEVEL = "-O";
				VALIDATE_PRODUCT = YES;
			};
			name = Release;
		};
		E309C90F28F10B6D007B3B39 /* Debug */ = {
			isa = XCBuildConfiguration;
			buildSettings = {
				ASSETCATALOG_COMPILER_APPICON_NAME = AppIcon;
				ASSETCATALOG_COMPILER_GLOBAL_ACCENT_COLOR_NAME = AccentColor;
				CODE_SIGN_STYLE = Automatic;
				CURRENT_PROJECT_VERSION = 1;
				DEBUG_INFORMATION_FORMAT = "dwarf-with-dsym";
				DEVELOPMENT_TEAM = DD4UBSQHA8;
				GENERATE_INFOPLIST_FILE = YES;
				INFOPLIST_FILE = Famo/Info.plist;
				INFOPLIST_KEY_CFBundleDisplayName = Famo;
				INFOPLIST_KEY_LSApplicationCategoryType = "public.app-category.utilities";
				INFOPLIST_KEY_UIApplicationSupportsIndirectInputEvents = YES;
				INFOPLIST_KEY_UILaunchStoryboardName = LaunchScreen.storyboard;
				INFOPLIST_KEY_UISupportedInterfaceOrientations = UIInterfaceOrientationPortrait;
				INFOPLIST_KEY_UISupportedInterfaceOrientations_iPad = "UIInterfaceOrientationLandscapeLeft UIInterfaceOrientationLandscapeRight UIInterfaceOrientationPortrait UIInterfaceOrientationPortraitUpsideDown";
				LD_RUNPATH_SEARCH_PATHS = (
					"$(inherited)",
					"@executable_path/Frameworks",
				);
				MARKETING_VERSION = 1.0;
				PRODUCT_BUNDLE_IDENTIFIER = linerlin.Famo;
				PRODUCT_NAME = "$(TARGET_NAME)";
				SUPPORTED_PLATFORMS = "iphoneos iphonesimulator";
				SUPPORTS_MACCATALYST = NO;
				SUPPORTS_MAC_DESIGNED_FOR_IPHONE_IPAD = YES;
				SWIFT_EMIT_LOC_STRINGS = YES;
				SWIFT_VERSION = 5.0;
				TARGETED_DEVICE_FAMILY = 1;
			};
			name = Debug;
		};
		E309C91028F10B6D007B3B39 /* Release */ = {
			isa = XCBuildConfiguration;
			buildSettings = {
				ASSETCATALOG_COMPILER_APPICON_NAME = AppIcon;
				ASSETCATALOG_COMPILER_GLOBAL_ACCENT_COLOR_NAME = AccentColor;
				CODE_SIGN_STYLE = Automatic;
				CURRENT_PROJECT_VERSION = 1;
				DEVELOPMENT_TEAM = DD4UBSQHA8;
				GENERATE_INFOPLIST_FILE = YES;
				INFOPLIST_FILE = Famo/Info.plist;
				INFOPLIST_KEY_CFBundleDisplayName = Famo;
				INFOPLIST_KEY_LSApplicationCategoryType = "public.app-category.utilities";
				INFOPLIST_KEY_UIApplicationSupportsIndirectInputEvents = YES;
				INFOPLIST_KEY_UILaunchStoryboardName = LaunchScreen.storyboard;
				INFOPLIST_KEY_UISupportedInterfaceOrientations = UIInterfaceOrientationPortrait;
				INFOPLIST_KEY_UISupportedInterfaceOrientations_iPad = "UIInterfaceOrientationLandscapeLeft UIInterfaceOrientationLandscapeRight UIInterfaceOrientationPortrait UIInterfaceOrientationPortraitUpsideDown";
				LD_RUNPATH_SEARCH_PATHS = (
					"$(inherited)",
					"@executable_path/Frameworks",
				);
				MARKETING_VERSION = 1.0;
				PRODUCT_BUNDLE_IDENTIFIER = linerlin.Famo;
				PRODUCT_NAME = "$(TARGET_NAME)";
				SUPPORTED_PLATFORMS = "iphoneos iphonesimulator";
				SUPPORTS_MACCATALYST = NO;
				SUPPORTS_MAC_DESIGNED_FOR_IPHONE_IPAD = YES;
				SWIFT_EMIT_LOC_STRINGS = YES;
				SWIFT_VERSION = 5.0;
				TARGETED_DEVICE_FAMILY = 1;
			};
			name = Release;
		};
/* End XCBuildConfiguration section */

/* Begin XCConfigurationList section */
		E309C8F528F10B6B007B3B39 /* Build configuration list for PBXProject "Famo" */ = {
			isa = XCConfigurationList;
			buildConfigurations = (
				E309C90C28F10B6D007B3B39 /* Debug */,
				E309C90D28F10B6D007B3B39 /* Release */,
			);
			defaultConfigurationIsVisible = 0;
			defaultConfigurationName = Release;
		};
		E309C90E28F10B6D007B3B39 /* Build configuration list for PBXNativeTarget "Famo" */ = {
			isa = XCConfigurationList;
			buildConfigurations = (
				E309C90F28F10B6D007B3B39 /* Debug */,
				E309C91028F10B6D007B3B39 /* Release */,
			);
			defaultConfigurationIsVisible = 0;
			defaultConfigurationName = Release;
		};
/* End XCConfigurationList section */

/* Begin XCRemoteSwiftPackageReference section */
		E309C91328F10CF0007B3B39 /* XCRemoteSwiftPackageReference "RxSwift" */ = {
			isa = XCRemoteSwiftPackageReference;
			repositoryURL = "https://github.com/ReactiveX/RxSwift.git";
			requirement = {
				kind = upToNextMajorVersion;
				minimumVersion = 6.0.0;
			};
		};
		E309C91A28F10E85007B3B39 /* XCRemoteSwiftPackageReference "firebase-ios-sdk" */ = {
			isa = XCRemoteSwiftPackageReference;
			repositoryURL = "https://github.com/firebase/firebase-ios-sdk";
			requirement = {
				kind = upToNextMajorVersion;
				minimumVersion = 9.0.0;
			};
		};
		E309C92528F10F62007B3B39 /* XCRemoteSwiftPackageReference "SnapKit" */ = {
			isa = XCRemoteSwiftPackageReference;
			repositoryURL = "https://github.com/SnapKit/SnapKit.git";
			requirement = {
				kind = upToNextMajorVersion;
				minimumVersion = 5.0.0;
			};
		};
/* End XCRemoteSwiftPackageReference section */

/* Begin XCSwiftPackageProductDependency section */
		E309C91428F10CF0007B3B39 /* RxCocoa */ = {
			isa = XCSwiftPackageProductDependency;
			package = E309C91328F10CF0007B3B39 /* XCRemoteSwiftPackageReference "RxSwift" */;
			productName = RxCocoa;
		};
		E309C91628F10CF0007B3B39 /* RxRelay */ = {
			isa = XCSwiftPackageProductDependency;
			package = E309C91328F10CF0007B3B39 /* XCRemoteSwiftPackageReference "RxSwift" */;
			productName = RxRelay;
		};
		E309C91828F10CF0007B3B39 /* RxSwift */ = {
			isa = XCSwiftPackageProductDependency;
			package = E309C91328F10CF0007B3B39 /* XCRemoteSwiftPackageReference "RxSwift" */;
			productName = RxSwift;
		};
		E309C91B28F10E86007B3B39 /* FirebaseAnalyticsSwift */ = {
			isa = XCSwiftPackageProductDependency;
			package = E309C91A28F10E85007B3B39 /* XCRemoteSwiftPackageReference "firebase-ios-sdk" */;
			productName = FirebaseAnalyticsSwift;
		};
		E309C91D28F10E86007B3B39 /* FirebaseAuth */ = {
			isa = XCSwiftPackageProductDependency;
			package = E309C91A28F10E85007B3B39 /* XCRemoteSwiftPackageReference "firebase-ios-sdk" */;
			productName = FirebaseAuth;
		};
		E309C91F28F10E86007B3B39 /* FirebaseFirestoreSwift */ = {
			isa = XCSwiftPackageProductDependency;
			package = E309C91A28F10E85007B3B39 /* XCRemoteSwiftPackageReference "firebase-ios-sdk" */;
			productName = FirebaseFirestoreSwift;
		};
		E309C92128F10E86007B3B39 /* FirebaseRemoteConfigSwift */ = {
			isa = XCSwiftPackageProductDependency;
			package = E309C91A28F10E85007B3B39 /* XCRemoteSwiftPackageReference "firebase-ios-sdk" */;
			productName = FirebaseRemoteConfigSwift;
		};
		E309C92628F10F62007B3B39 /* SnapKit */ = {
			isa = XCSwiftPackageProductDependency;
			package = E309C92528F10F62007B3B39 /* XCRemoteSwiftPackageReference "SnapKit" */;
			productName = SnapKit;
		};
/* End XCSwiftPackageProductDependency section */
	};
	rootObject = E309C8F228F10B6B007B3B39 /* Project object */;
}
